
Microsoft Visual Studio Solution File, Format Version 12.00
# Visual Studio Version 17
VisualStudioVersion = 17.3.32929.385
MinimumVisualStudioVersion = 10.0.40219.1
Project("{9A19103F-16F7-4668-BE54-9A1E7A4F7556}") = "GNR.BruteForcEShare", "GNR.BruteForcEShare\GNR.BruteForcEShare.csproj", "{3A996B37-CF7A-4FFD-AE49-3AC45045E58A}"
EndProject
Project("{9A19103F-16F7-4668-BE54-9A1E7A4F7556}") = "GNR.EShare.Middleman", "GNR.EShare.Middleman\GNR.EShare.Middleman.csproj", "{485C1690-A6B6-4657-9EE8-4B232DD32D20}"
EndProject
Project("{9A19103F-16F7-4668-BE54-9A1E7A4F7556}") = "GNR.EShare.WiresharkFilters", "GNR.EShare.WiresharkFilters\GNR.EShare.WiresharkFilters.csproj", "{726EA137-927A-45DB-B77D-61F23E0BAE76}"
EndProject
Project("{9A19103F-16F7-4668-BE54-9A1E7A4F7556}") = "GNR.EShare.Npcap", "GNR.EShare.Npcap\GNR.EShare.Npcap.csproj", "{DC2B9E95-A3DF-40EF-B16D-073A8CC48854}"
EndProject
Project("{9A19103F-16F7-4668-BE54-9A1E7A4F7556}") = "GNR.EShare.Protocol", "GNR.EShare.Protocol\GNR.EShare.Protocol.csproj", "{81806489-F1E7-410E-8609-955AE4438718}"
EndProject
Project("{9A19103F-16F7-4668-BE54-9A1E7A4F7556}") = "GNR.EShare.VideoTest", "GNR.EShare.VideoTest\GNR.EShare.VideoTest.csproj", "{9E8535BE-686B-4C24-B1DB-ACA989FCA56A}"
EndProject
Project("{FAE04EC0-301F-11D3-BF4B-00C04F79EFBC}") = "GNR.EShare.UWP", "GNR.EShare.UWP\GNR.EShare.UWP.csproj", "{D89C097B-9972-44D7-8D87-AFA88F40D2B4}"
EndProject
Project("{9A19103F-16F7-4668-BE54-9A1E7A4F7556}") = "GNR.EShare.Forms", "GNR.EShare.Forms\GNR.EShare.Forms.csproj", "{A6584D41-F519-43AD-A5C0-9537042F31EF}"
EndProject
Project("{FAE04EC0-301F-11D3-BF4B-00C04F79EFBC}") = "GNR.EShare.TestingConsole", "GNR.EShare.TestingConsole\GNR.EShare.TestingConsole.csproj", "{F2C635BB-741A-4D2B-B221-46C4D60064FF}"
EndProject
Global
	GlobalSection(SolutionConfigurationPlatforms) = preSolution
		Debug|Any CPU = Debug|Any CPU
		Debug|ARM = Debug|ARM
		Debug|ARM64 = Debug|ARM64
		Debug|x64 = Debug|x64
		Debug|x86 = Debug|x86
		Release|Any CPU = Release|Any CPU
		Release|ARM = Release|ARM
		Release|ARM64 = Release|ARM64
		Release|x64 = Release|x64
		Release|x86 = Release|x86
	EndGlobalSection
	GlobalSection(ProjectConfigurationPlatforms) = postSolution
		{3A996B37-CF7A-4FFD-AE49-3AC45045E58A}.Debug|Any CPU.ActiveCfg = Debug|Any CPU
		{3A996B37-CF7A-4FFD-AE49-3AC45045E58A}.Debug|Any CPU.Build.0 = Debug|Any CPU
		{3A996B37-CF7A-4FFD-AE49-3AC45045E58A}.Debug|ARM.ActiveCfg = Debug|Any CPU
		{3A996B37-CF7A-4FFD-AE49-3AC45045E58A}.Debug|ARM.Build.0 = Debug|Any CPU
		{3A996B37-CF7A-4FFD-AE49-3AC45045E58A}.Debug|ARM64.ActiveCfg = Debug|Any CPU
		{3A996B37-CF7A-4FFD-AE49-3AC45045E58A}.Debug|ARM64.Build.0 = Debug|Any CPU
		{3A996B37-CF7A-4FFD-AE49-3AC45045E58A}.Debug|x64.ActiveCfg = Debug|Any CPU
		{3A996B37-CF7A-4FFD-AE49-3AC45045E58A}.Debug|x64.Build.0 = Debug|Any CPU
		{3A996B37-CF7A-4FFD-AE49-3AC45045E58A}.Debug|x86.ActiveCfg = Debug|Any CPU
		{3A996B37-CF7A-4FFD-AE49-3AC45045E58A}.Debug|x86.Build.0 = Debug|Any CPU
		{3A996B37-CF7A-4FFD-AE49-3AC45045E58A}.Release|Any CPU.ActiveCfg = Release|Any CPU
		{3A996B37-CF7A-4FFD-AE49-3AC45045E58A}.Release|Any CPU.Build.0 = Release|Any CPU
		{3A996B37-CF7A-4FFD-AE49-3AC45045E58A}.Release|ARM.ActiveCfg = Release|Any CPU
		{3A996B37-CF7A-4FFD-AE49-3AC45045E58A}.Release|ARM.Build.0 = Release|Any CPU
		{3A996B37-CF7A-4FFD-AE49-3AC45045E58A}.Release|ARM64.ActiveCfg = Release|Any CPU
		{3A996B37-CF7A-4FFD-AE49-3AC45045E58A}.Release|ARM64.Build.0 = Release|Any CPU
		{3A996B37-CF7A-4FFD-AE49-3AC45045E58A}.Release|x64.ActiveCfg = Release|Any CPU
		{3A996B37-CF7A-4FFD-AE49-3AC45045E58A}.Release|x64.Build.0 = Release|Any CPU
		{3A996B37-CF7A-4FFD-AE49-3AC45045E58A}.Release|x86.ActiveCfg = Release|Any CPU
		{3A996B37-CF7A-4FFD-AE49-3AC45045E58A}.Release|x86.Build.0 = Release|Any CPU
		{485C1690-A6B6-4657-9EE8-4B232DD32D20}.Debug|Any CPU.ActiveCfg = Debug|Any CPU
		{485C1690-A6B6-4657-9EE8-4B232DD32D20}.Debug|Any CPU.Build.0 = Debug|Any CPU
		{485C1690-A6B6-4657-9EE8-4B232DD32D20}.Debug|ARM.ActiveCfg = Debug|Any CPU
		{485C1690-A6B6-4657-9EE8-4B232DD32D20}.Debug|ARM.Build.0 = Debug|Any CPU
		{485C1690-A6B6-4657-9EE8-4B232DD32D20}.Debug|ARM64.ActiveCfg = Debug|Any CPU
		{485C1690-A6B6-4657-9EE8-4B232DD32D20}.Debug|ARM64.Build.0 = Debug|Any CPU
		{485C1690-A6B6-4657-9EE8-4B232DD32D20}.Debug|x64.ActiveCfg = Debug|Any CPU
		{485C1690-A6B6-4657-9EE8-4B232DD32D20}.Debug|x64.Build.0 = Debug|Any CPU
		{485C1690-A6B6-4657-9EE8-4B232DD32D20}.Debug|x86.ActiveCfg = Debug|Any CPU
		{485C1690-A6B6-4657-9EE8-4B232DD32D20}.Debug|x86.Build.0 = Debug|Any CPU
		{485C1690-A6B6-4657-9EE8-4B232DD32D20}.Release|Any CPU.ActiveCfg = Release|Any CPU
		{485C1690-A6B6-4657-9EE8-4B232DD32D20}.Release|Any CPU.Build.0 = Release|Any CPU
		{485C1690-A6B6-4657-9EE8-4B232DD32D20}.Release|ARM.ActiveCfg = Release|Any CPU
		{485C1690-A6B6-4657-9EE8-4B232DD32D20}.Release|ARM.Build.0 = Release|Any CPU
		{485C1690-A6B6-4657-9EE8-4B232DD32D20}.Release|ARM64.ActiveCfg = Release|Any CPU
		{485C1690-A6B6-4657-9EE8-4B232DD32D20}.Release|ARM64.Build.0 = Release|Any CPU
		{485C1690-A6B6-4657-9EE8-4B232DD32D20}.Release|x64.ActiveCfg = Release|Any CPU
		{485C1690-A6B6-4657-9EE8-4B232DD32D20}.Release|x64.Build.0 = Release|Any CPU
		{485C1690-A6B6-4657-9EE8-4B232DD32D20}.Release|x86.ActiveCfg = Release|Any CPU
		{485C1690-A6B6-4657-9EE8-4B232DD32D20}.Release|x86.Build.0 = Release|Any CPU
		{726EA137-927A-45DB-B77D-61F23E0BAE76}.Debug|Any CPU.ActiveCfg = Debug|Any CPU
		{726EA137-927A-45DB-B77D-61F23E0BAE76}.Debug|Any CPU.Build.0 = Debug|Any CPU
		{726EA137-927A-45DB-B77D-61F23E0BAE76}.Debug|ARM.ActiveCfg = Debug|Any CPU
		{726EA137-927A-45DB-B77D-61F23E0BAE76}.Debug|ARM.Build.0 = Debug|Any CPU
		{726EA137-927A-45DB-B77D-61F23E0BAE76}.Debug|ARM64.ActiveCfg = Debug|Any CPU
		{726EA137-927A-45DB-B77D-61F23E0BAE76}.Debug|ARM64.Build.0 = Debug|Any CPU
		{726EA137-927A-45DB-B77D-61F23E0BAE76}.Debug|x64.ActiveCfg = Debug|Any CPU
		{726EA137-927A-45DB-B77D-61F23E0BAE76}.Debug|x64.Build.0 = Debug|Any CPU
		{726EA137-927A-45DB-B77D-61F23E0BAE76}.Debug|x86.ActiveCfg = Debug|Any CPU
		{726EA137-927A-45DB-B77D-61F23E0BAE76}.Debug|x86.Build.0 = Debug|Any CPU
		{726EA137-927A-45DB-B77D-61F23E0BAE76}.Release|Any CPU.ActiveCfg = Release|Any CPU
		{726EA137-927A-45DB-B77D-61F23E0BAE76}.Release|Any CPU.Build.0 = Release|Any CPU
		{726EA137-927A-45DB-B77D-61F23E0BAE76}.Release|ARM.ActiveCfg = Release|Any CPU
		{726EA137-927A-45DB-B77D-61F23E0BAE76}.Release|ARM.Build.0 = Release|Any CPU
		{726EA137-927A-45DB-B77D-61F23E0BAE76}.Release|ARM64.ActiveCfg = Release|Any CPU
		{726EA137-927A-45DB-B77D-61F23E0BAE76}.Release|ARM64.Build.0 = Release|Any CPU
		{726EA137-927A-45DB-B77D-61F23E0BAE76}.Release|x64.ActiveCfg = Release|Any CPU
		{726EA137-927A-45DB-B77D-61F23E0BAE76}.Release|x64.Build.0 = Release|Any CPU
		{726EA137-927A-45DB-B77D-61F23E0BAE76}.Release|x86.ActiveCfg = Release|Any CPU
		{726EA137-927A-45DB-B77D-61F23E0BAE76}.Release|x86.Build.0 = Release|Any CPU
		{DC2B9E95-A3DF-40EF-B16D-073A8CC48854}.Debug|Any CPU.ActiveCfg = Debug|Any CPU
		{DC2B9E95-A3DF-40EF-B16D-073A8CC48854}.Debug|Any CPU.Build.0 = Debug|Any CPU
		{DC2B9E95-A3DF-40EF-B16D-073A8CC48854}.Debug|ARM.ActiveCfg = Debug|Any CPU
		{DC2B9E95-A3DF-40EF-B16D-073A8CC48854}.Debug|ARM.Build.0 = Debug|Any CPU
		{DC2B9E95-A3DF-40EF-B16D-073A8CC48854}.Debug|ARM64.ActiveCfg = Debug|Any CPU
		{DC2B9E95-A3DF-40EF-B16D-073A8CC48854}.Debug|ARM64.Build.0 = Debug|Any CPU
		{DC2B9E95-A3DF-40EF-B16D-073A8CC48854}.Debug|x64.ActiveCfg = Debug|Any CPU
		{DC2B9E95-A3DF-40EF-B16D-073A8CC48854}.Debug|x64.Build.0 = Debug|Any CPU
		{DC2B9E95-A3DF-40EF-B16D-073A8CC48854}.Debug|x86.ActiveCfg = Debug|Any CPU
		{DC2B9E95-A3DF-40EF-B16D-073A8CC48854}.Debug|x86.Build.0 = Debug|Any CPU
		{DC2B9E95-A3DF-40EF-B16D-073A8CC48854}.Release|Any CPU.ActiveCfg = Release|Any CPU
		{DC2B9E95-A3DF-40EF-B16D-073A8CC48854}.Release|Any CPU.Build.0 = Release|Any CPU
		{DC2B9E95-A3DF-40EF-B16D-073A8CC48854}.Release|ARM.ActiveCfg = Release|Any CPU
		{DC2B9E95-A3DF-40EF-B16D-073A8CC48854}.Release|ARM.Build.0 = Release|Any CPU
		{DC2B9E95-A3DF-40EF-B16D-073A8CC48854}.Release|ARM64.ActiveCfg = Release|Any CPU
		{DC2B9E95-A3DF-40EF-B16D-073A8CC48854}.Release|ARM64.Build.0 = Release|Any CPU
		{DC2B9E95-A3DF-40EF-B16D-073A8CC48854}.Release|x64.ActiveCfg = Release|Any CPU
		{DC2B9E95-A3DF-40EF-B16D-073A8CC48854}.Release|x64.Build.0 = Release|Any CPU
		{DC2B9E95-A3DF-40EF-B16D-073A8CC48854}.Release|x86.ActiveCfg = Release|Any CPU
		{DC2B9E95-A3DF-40EF-B16D-073A8CC48854}.Release|x86.Build.0 = Release|Any CPU
		{81806489-F1E7-410E-8609-955AE4438718}.Debug|Any CPU.ActiveCfg = Debug|Any CPU
		{81806489-F1E7-410E-8609-955AE4438718}.Debug|Any CPU.Build.0 = Debug|Any CPU
		{81806489-F1E7-410E-8609-955AE4438718}.Debug|ARM.ActiveCfg = Debug|Any CPU
		{81806489-F1E7-410E-8609-955AE4438718}.Debug|ARM.Build.0 = Debug|Any CPU
		{81806489-F1E7-410E-8609-955AE4438718}.Debug|ARM64.ActiveCfg = Debug|Any CPU
		{81806489-F1E7-410E-8609-955AE4438718}.Debug|ARM64.Build.0 = Debug|Any CPU
		{81806489-F1E7-410E-8609-955AE4438718}.Debug|x64.ActiveCfg = Debug|Any CPU
		{81806489-F1E7-410E-8609-955AE4438718}.Debug|x64.Build.0 = Debug|Any CPU
		{81806489-F1E7-410E-8609-955AE4438718}.Debug|x86.ActiveCfg = Debug|Any CPU
		{81806489-F1E7-410E-8609-955AE4438718}.Debug|x86.Build.0 = Debug|Any CPU
		{81806489-F1E7-410E-8609-955AE4438718}.Release|Any CPU.ActiveCfg = Release|Any CPU
		{81806489-F1E7-410E-8609-955AE4438718}.Release|Any CPU.Build.0 = Release|Any CPU
		{81806489-F1E7-410E-8609-955AE4438718}.Release|ARM.ActiveCfg = Release|Any CPU
		{81806489-F1E7-410E-8609-955AE4438718}.Release|ARM.Build.0 = Release|Any CPU
		{81806489-F1E7-410E-8609-955AE4438718}.Release|ARM64.ActiveCfg = Release|Any CPU
		{81806489-F1E7-410E-8609-955AE4438718}.Release|ARM64.Build.0 = Release|Any CPU
		{81806489-F1E7-410E-8609-955AE4438718}.Release|x64.ActiveCfg = Release|Any CPU
		{81806489-F1E7-410E-8609-955AE4438718}.Release|x64.Build.0 = Release|Any CPU
		{81806489-F1E7-410E-8609-955AE4438718}.Release|x86.ActiveCfg = Release|Any CPU
		{81806489-F1E7-410E-8609-955AE4438718}.Release|x86.Build.0 = Release|Any CPU
		{9E8535BE-686B-4C24-B1DB-ACA989FCA56A}.Debug|Any CPU.ActiveCfg = Debug|Any CPU
		{9E8535BE-686B-4C24-B1DB-ACA989FCA56A}.Debug|Any CPU.Build.0 = Debug|Any CPU
		{9E8535BE-686B-4C24-B1DB-ACA989FCA56A}.Debug|ARM.ActiveCfg = Debug|Any CPU
		{9E8535BE-686B-4C24-B1DB-ACA989FCA56A}.Debug|ARM.Build.0 = Debug|Any CPU
		{9E8535BE-686B-4C24-B1DB-ACA989FCA56A}.Debug|ARM64.ActiveCfg = Debug|Any CPU
		{9E8535BE-686B-4C24-B1DB-ACA989FCA56A}.Debug|ARM64.Build.0 = Debug|Any CPU
		{9E8535BE-686B-4C24-B1DB-ACA989FCA56A}.Debug|x64.ActiveCfg = Debug|Any CPU
		{9E8535BE-686B-4C24-B1DB-ACA989FCA56A}.Debug|x64.Build.0 = Debug|Any CPU
		{9E8535BE-686B-4C24-B1DB-ACA989FCA56A}.Debug|x86.ActiveCfg = Debug|Any CPU
		{9E8535BE-686B-4C24-B1DB-ACA989FCA56A}.Debug|x86.Build.0 = Debug|Any CPU
		{9E8535BE-686B-4C24-B1DB-ACA989FCA56A}.Release|Any CPU.ActiveCfg = Release|Any CPU
		{9E8535BE-686B-4C24-B1DB-ACA989FCA56A}.Release|Any CPU.Build.0 = Release|Any CPU
		{9E8535BE-686B-4C24-B1DB-ACA989FCA56A}.Release|ARM.ActiveCfg = Release|Any CPU
		{9E8535BE-686B-4C24-B1DB-ACA989FCA56A}.Release|ARM.Build.0 = Release|Any CPU
		{9E8535BE-686B-4C24-B1DB-ACA989FCA56A}.Release|ARM64.ActiveCfg = Release|Any CPU
		{9E8535BE-686B-4C24-B1DB-ACA989FCA56A}.Release|ARM64.Build.0 = Release|Any CPU
		{9E8535BE-686B-4C24-B1DB-ACA989FCA56A}.Release|x64.ActiveCfg = Release|Any CPU
		{9E8535BE-686B-4C24-B1DB-ACA989FCA56A}.Release|x64.Build.0 = Release|Any CPU
		{9E8535BE-686B-4C24-B1DB-ACA989FCA56A}.Release|x86.ActiveCfg = Release|Any CPU
		{9E8535BE-686B-4C24-B1DB-ACA989FCA56A}.Release|x86.Build.0 = Release|Any CPU
		{D89C097B-9972-44D7-8D87-AFA88F40D2B4}.Debug|Any CPU.ActiveCfg = Debug|x64
		{D89C097B-9972-44D7-8D87-AFA88F40D2B4}.Debug|Any CPU.Build.0 = Debug|x64
		{D89C097B-9972-44D7-8D87-AFA88F40D2B4}.Debug|Any CPU.Deploy.0 = Debug|x64
		{D89C097B-9972-44D7-8D87-AFA88F40D2B4}.Debug|ARM.ActiveCfg = Debug|ARM
		{D89C097B-9972-44D7-8D87-AFA88F40D2B4}.Debug|ARM.Build.0 = Debug|ARM
		{D89C097B-9972-44D7-8D87-AFA88F40D2B4}.Debug|ARM.Deploy.0 = Debug|ARM
		{D89C097B-9972-44D7-8D87-AFA88F40D2B4}.Debug|ARM64.ActiveCfg = Debug|ARM64
		{D89C097B-9972-44D7-8D87-AFA88F40D2B4}.Debug|ARM64.Build.0 = Debug|ARM64
		{D89C097B-9972-44D7-8D87-AFA88F40D2B4}.Debug|ARM64.Deploy.0 = Debug|ARM64
		{D89C097B-9972-44D7-8D87-AFA88F40D2B4}.Debug|x64.ActiveCfg = Debug|x64
		{D89C097B-9972-44D7-8D87-AFA88F40D2B4}.Debug|x64.Build.0 = Debug|x64
		{D89C097B-9972-44D7-8D87-AFA88F40D2B4}.Debug|x64.Deploy.0 = Debug|x64
		{D89C097B-9972-44D7-8D87-AFA88F40D2B4}.Debug|x86.ActiveCfg = Debug|x86
		{D89C097B-9972-44D7-8D87-AFA88F40D2B4}.Debug|x86.Build.0 = Debug|x86
		{D89C097B-9972-44D7-8D87-AFA88F40D2B4}.Debug|x86.Deploy.0 = Debug|x86
		{D89C097B-9972-44D7-8D87-AFA88F40D2B4}.Release|Any CPU.ActiveCfg = Release|x64
		{D89C097B-9972-44D7-8D87-AFA88F40D2B4}.Release|Any CPU.Build.0 = Release|x64
		{D89C097B-9972-44D7-8D87-AFA88F40D2B4}.Release|Any CPU.Deploy.0 = Release|x64
		{D89C097B-9972-44D7-8D87-AFA88F40D2B4}.Release|ARM.ActiveCfg = Release|ARM
		{D89C097B-9972-44D7-8D87-AFA88F40D2B4}.Release|ARM.Build.0 = Release|ARM
		{D89C097B-9972-44D7-8D87-AFA88F40D2B4}.Release|ARM.Deploy.0 = Release|ARM
		{D89C097B-9972-44D7-8D87-AFA88F40D2B4}.Release|ARM64.ActiveCfg = Release|ARM64
		{D89C097B-9972-44D7-8D87-AFA88F40D2B4}.Release|ARM64.Build.0 = Release|ARM64
		{D89C097B-9972-44D7-8D87-AFA88F40D2B4}.Release|ARM64.Deploy.0 = Release|ARM64
		{D89C097B-9972-44D7-8D87-AFA88F40D2B4}.Release|x64.ActiveCfg = Release|x64
		{D89C097B-9972-44D7-8D87-AFA88F40D2B4}.Release|x64.Build.0 = Release|x64
		{D89C097B-9972-44D7-8D87-AFA88F40D2B4}.Release|x64.Deploy.0 = Release|x64
		{D89C097B-9972-44D7-8D87-AFA88F40D2B4}.Release|x86.ActiveCfg = Release|x86
		{D89C097B-9972-44D7-8D87-AFA88F40D2B4}.Release|x86.Build.0 = Release|x86
		{D89C097B-9972-44D7-8D87-AFA88F40D2B4}.Release|x86.Deploy.0 = Release|x86
		{A6584D41-F519-43AD-A5C0-9537042F31EF}.Debug|Any CPU.ActiveCfg = Debug|Any CPU
		{A6584D41-F519-43AD-A5C0-9537042F31EF}.Debug|Any CPU.Build.0 = Debug|Any CPU
		{A6584D41-F519-43AD-A5C0-9537042F31EF}.Debug|ARM.ActiveCfg = Debug|Any CPU
		{A6584D41-F519-43AD-A5C0-9537042F31EF}.Debug|ARM.Build.0 = Debug|Any CPU
		{A6584D41-F519-43AD-A5C0-9537042F31EF}.Debug|ARM64.ActiveCfg = Debug|Any CPU
		{A6584D41-F519-43AD-A5C0-9537042F31EF}.Debug|ARM64.Build.0 = Debug|Any CPU
		{A6584D41-F519-43AD-A5C0-9537042F31EF}.Debug|x64.ActiveCfg = Debug|Any CPU
		{A6584D41-F519-43AD-A5C0-9537042F31EF}.Debug|x64.Build.0 = Debug|Any CPU
		{A6584D41-F519-43AD-A5C0-9537042F31EF}.Debug|x86.ActiveCfg = Debug|Any CPU
		{A6584D41-F519-43AD-A5C0-9537042F31EF}.Debug|x86.Build.0 = Debug|Any CPU
		{A6584D41-F519-43AD-A5C0-9537042F31EF}.Release|Any CPU.ActiveCfg = Release|Any CPU
		{A6584D41-F519-43AD-A5C0-9537042F31EF}.Release|Any CPU.Build.0 = Release|Any CPU
		{A6584D41-F519-43AD-A5C0-9537042F31EF}.Release|ARM.ActiveCfg = Release|Any CPU
		{A6584D41-F519-43AD-A5C0-9537042F31EF}.Release|ARM.Build.0 = Release|Any CPU
		{A6584D41-F519-43AD-A5C0-9537042F31EF}.Release|ARM64.ActiveCfg = Release|Any CPU
		{A6584D41-F519-43AD-A5C0-9537042F31EF}.Release|ARM64.Build.0 = Release|Any CPU
		{A6584D41-F519-43AD-A5C0-9537042F31EF}.Release|x64.ActiveCfg = Release|Any CPU
		{A6584D41-F519-43AD-A5C0-9537042F31EF}.Release|x64.Build.0 = Release|Any CPU
		{A6584D41-F519-43AD-A5C0-9537042F31EF}.Release|x86.ActiveCfg = Release|Any CPU
		{A6584D41-F519-43AD-A5C0-9537042F31EF}.Release|x86.Build.0 = Release|Any CPU
		{F2C635BB-741A-4D2B-B221-46C4D60064FF}.Debug|Any CPU.ActiveCfg = Debug|Any CPU
		{F2C635BB-741A-4D2B-B221-46C4D60064FF}.Debug|Any CPU.Build.0 = Debug|Any CPU
		{F2C635BB-741A-4D2B-B221-46C4D60064FF}.Debug|ARM.ActiveCfg = Debug|Any CPU
		{F2C635BB-741A-4D2B-B221-46C4D60064FF}.Debug|ARM.Build.0 = Debug|Any CPU
		{F2C635BB-741A-4D2B-B221-46C4D60064FF}.Debug|ARM64.ActiveCfg = Debug|Any CPU
		{F2C635BB-741A-4D2B-B221-46C4D60064FF}.Debug|ARM64.Build.0 = Debug|Any CPU
		{F2C635BB-741A-4D2B-B221-46C4D60064FF}.Debug|x64.ActiveCfg = Debug|Any CPU
		{F2C635BB-741A-4D2B-B221-46C4D60064FF}.Debug|x64.Build.0 = Debug|Any CPU
		{F2C635BB-741A-4D2B-B221-46C4D60064FF}.Debug|x86.ActiveCfg = Debug|Any CPU
		{F2C635BB-741A-4D2B-B221-46C4D60064FF}.Debug|x86.Build.0 = Debug|Any CPU
		{F2C635BB-741A-4D2B-B221-46C4D60064FF}.Release|Any CPU.ActiveCfg = Release|Any CPU
		{F2C635BB-741A-4D2B-B221-46C4D60064FF}.Release|Any CPU.Build.0 = Release|Any CPU
		{F2C635BB-741A-4D2B-B221-46C4D60064FF}.Release|ARM.ActiveCfg = Release|Any CPU
		{F2C635BB-741A-4D2B-B221-46C4D60064FF}.Release|ARM.Build.0 = Release|Any CPU
		{F2C635BB-741A-4D2B-B221-46C4D60064FF}.Release|ARM64.ActiveCfg = Release|Any CPU
		{F2C635BB-741A-4D2B-B221-46C4D60064FF}.Release|ARM64.Build.0 = Release|Any CPU
		{F2C635BB-741A-4D2B-B221-46C4D60064FF}.Release|x64.ActiveCfg = Release|Any CPU
		{F2C635BB-741A-4D2B-B221-46C4D60064FF}.Release|x64.Build.0 = Release|Any CPU
		{F2C635BB-741A-4D2B-B221-46C4D60064FF}.Release|x86.ActiveCfg = Release|Any CPU
		{F2C635BB-741A-4D2B-B221-46C4D60064FF}.Release|x86.Build.0 = Release|Any CPU
	EndGlobalSection
	GlobalSection(SolutionProperties) = preSolution
		HideSolutionNode = FALSE
	EndGlobalSection
	GlobalSection(ExtensibilityGlobals) = postSolution
		SolutionGuid = {2EB0E08B-7293-47A1-B7FC-2D06FB4215AF}
	EndGlobalSection
EndGlobal
